// !$*UTF8*$!
{
	archiveVersion = 1;
	classes = {
	};
	objectVersion = 55;
	objects = {

/* Begin PBXBuildFile section */
		2C18439628B16132007FA981 /* Tests_iOS.swift in Sources */ = {isa = PBXBuildFile; fileRef = 2C18439528B16132007FA981 /* Tests_iOS.swift */; };
		2C18439828B16132007FA981 /* Tests_iOSLaunchTests.swift in Sources */ = {isa = PBXBuildFile; fileRef = 2C18439728B16132007FA981 /* Tests_iOSLaunchTests.swift */; };
		2C1843A228B16132007FA981 /* Tests_macOS.swift in Sources */ = {isa = PBXBuildFile; fileRef = 2C1843A128B16132007FA981 /* Tests_macOS.swift */; };
		2C1843A428B16132007FA981 /* Tests_macOSLaunchTests.swift in Sources */ = {isa = PBXBuildFile; fileRef = 2C1843A328B16132007FA981 /* Tests_macOSLaunchTests.swift */; };
		2C1843A528B16132007FA981 /* password_genoratorApp.swift in Sources */ = {isa = PBXBuildFile; fileRef = 2C18437D28B16131007FA981 /* password_genoratorApp.swift */; };
		2C1843A628B16132007FA981 /* password_genoratorApp.swift in Sources */ = {isa = PBXBuildFile; fileRef = 2C18437D28B16131007FA981 /* password_genoratorApp.swift */; };
		2C1843A728B16132007FA981 /* ContentView.swift in Sources */ = {isa = PBXBuildFile; fileRef = 2C18437E28B16131007FA981 /* ContentView.swift */; };
		2C1843A828B16132007FA981 /* ContentView.swift in Sources */ = {isa = PBXBuildFile; fileRef = 2C18437E28B16131007FA981 /* ContentView.swift */; };
		2C1843A928B16132007FA981 /* Assets.xcassets in Resources */ = {isa = PBXBuildFile; fileRef = 2C18437F28B16131007FA981 /* Assets.xcassets */; };
		2C1843AA28B16132007FA981 /* Assets.xcassets in Resources */ = {isa = PBXBuildFile; fileRef = 2C18437F28B16131007FA981 /* Assets.xcassets */; };
/* End PBXBuildFile section */

/* Begin PBXContainerItemProxy section */
		2C18439228B16132007FA981 /* PBXContainerItemProxy */ = {
			isa = PBXContainerItemProxy;
			containerPortal = 2C18437828B16131007FA981 /* Project object */;
			proxyType = 1;
			remoteGlobalIDString = 2C18438328B16131007FA981;
			remoteInfo = "password genorator (iOS)";
		};
		2C18439E28B16132007FA981 /* PBXContainerItemProxy */ = {
			isa = PBXContainerItemProxy;
			containerPortal = 2C18437828B16131007FA981 /* Project object */;
			proxyType = 1;
			remoteGlobalIDString = 2C18438928B16131007FA981;
			remoteInfo = "password genorator (macOS)";
		};
/* End PBXContainerItemProxy section */

/* Begin PBXFileReference section */
		2C18437D28B16131007FA981 /* password_genoratorApp.swift */ = {isa = PBXFileReference; lastKnownFileType = sourcecode.swift; path = password_genoratorApp.swift; sourceTree = "<group>"; };
		2C18437E28B16131007FA981 /* ContentView.swift */ = {isa = PBXFileReference; lastKnownFileType = sourcecode.swift; path = ContentView.swift; sourceTree = "<group>"; };
		2C18437F28B16131007FA981 /* Assets.xcassets */ = {isa = PBXFileReference; lastKnownFileType = folder.assetcatalog; path = Assets.xcassets; sourceTree = "<group>"; };
		2C18438428B16131007FA981 /* password genorator.app */ = {isa = PBXFileReference; explicitFileType = wrapper.application; includeInIndex = 0; path = "password genorator.app"; sourceTree = BUILT_PRODUCTS_DIR; };
		2C18438A28B16131007FA981 /* password genorator.app */ = {isa = PBXFileReference; explicitFileType = wrapper.application; includeInIndex = 0; path = "password genorator.app"; sourceTree = BUILT_PRODUCTS_DIR; };
		2C18438C28B16131007FA981 /* macOS.entitlements */ = {isa = PBXFileReference; lastKnownFileType = text.plist.entitlements; path = macOS.entitlements; sourceTree = "<group>"; };
		2C18439128B16132007FA981 /* Tests iOS.xctest */ = {isa = PBXFileReference; explicitFileType = wrapper.cfbundle; includeInIndex = 0; path = "Tests iOS.xctest"; sourceTree = BUILT_PRODUCTS_DIR; };
		2C18439528B16132007FA981 /* Tests_iOS.swift */ = {isa = PBXFileReference; lastKnownFileType = sourcecode.swift; path = Tests_iOS.swift; sourceTree = "<group>"; };
		2C18439728B16132007FA981 /* Tests_iOSLaunchTests.swift */ = {isa = PBXFileReference; lastKnownFileType = sourcecode.swift; path = Tests_iOSLaunchTests.swift; sourceTree = "<group>"; };
		2C18439D28B16132007FA981 /* Tests macOS.xctest */ = {isa = PBXFileReference; explicitFileType = wrapper.cfbundle; includeInIndex = 0; path = "Tests macOS.xctest"; sourceTree = BUILT_PRODUCTS_DIR; };
		2C1843A128B16132007FA981 /* Tests_macOS.swift */ = {isa = PBXFileReference; lastKnownFileType = sourcecode.swift; path = Tests_macOS.swift; sourceTree = "<group>"; };
		2C1843A328B16132007FA981 /* Tests_macOSLaunchTests.swift */ = {isa = PBXFileReference; lastKnownFileType = sourcecode.swift; path = Tests_macOSLaunchTests.swift; sourceTree = "<group>"; };
/* End PBXFileReference section */

/* Begin PBXFrameworksBuildPhase section */
		2C18438128B16131007FA981 /* Frameworks */ = {
			isa = PBXFrameworksBuildPhase;
			buildActionMask = 2147483647;
			files = (
			);
			runOnlyForDeploymentPostprocessing = 0;
		};
		2C18438728B16131007FA981 /* Frameworks */ = {
			isa = PBXFrameworksBuildPhase;
			buildActionMask = 2147483647;
			files = (
			);
			runOnlyForDeploymentPostprocessing = 0;
		};
		2C18438E28B16132007FA981 /* Frameworks */ = {
			isa = PBXFrameworksBuildPhase;
			buildActionMask = 2147483647;
			files = (
			);
			runOnlyForDeploymentPostprocessing = 0;
		};
		2C18439A28B16132007FA981 /* Frameworks */ = {
			isa = PBXFrameworksBuildPhase;
			buildActionMask = 2147483647;
			files = (
			);
			runOnlyForDeploymentPostprocessing = 0;
		};
/* End PBXFrameworksBuildPhase section */

/* Begin PBXGroup section */
		2C18437728B16131007FA981 = {
			isa = PBXGroup;
			children = (
				2C18437C28B16131007FA981 /* Shared */,
				2C18438B28B16131007FA981 /* macOS */,
				2C18439428B16132007FA981 /* Tests iOS */,
				2C1843A028B16132007FA981 /* Tests macOS */,
				2C18438528B16131007FA981 /* Products */,
			);
			sourceTree = "<group>";
		};
		2C18437C28B16131007FA981 /* Shared */ = {
			isa = PBXGroup;
			children = (
				2C18437D28B16131007FA981 /* password_genoratorApp.swift */,
				2C18437E28B16131007FA981 /* ContentView.swift */,
				2C18437F28B16131007FA981 /* Assets.xcassets */,
			);
			path = Shared;
			sourceTree = "<group>";
		};
		2C18438528B16131007FA981 /* Products */ = {
			isa = PBXGroup;
			children = (
				2C18438428B16131007FA981 /* password genorator.app */,
				2C18438A28B16131007FA981 /* password genorator.app */,
				2C18439128B16132007FA981 /* Tests iOS.xctest */,
				2C18439D28B16132007FA981 /* Tests macOS.xctest */,
			);
			name = Products;
			sourceTree = "<group>";
		};
		2C18438B28B16131007FA981 /* macOS */ = {
			isa = PBXGroup;
			children = (
				2C18438C28B16131007FA981 /* macOS.entitlements */,
			);
			path = macOS;
			sourceTree = "<group>";
		};
		2C18439428B16132007FA981 /* Tests iOS */ = {
			isa = PBXGroup;
			children = (
				2C18439528B16132007FA981 /* Tests_iOS.swift */,
				2C18439728B16132007FA981 /* Tests_iOSLaunchTests.swift */,
			);
			path = "Tests iOS";
			sourceTree = "<group>";
		};
		2C1843A028B16132007FA981 /* Tests macOS */ = {
			isa = PBXGroup;
			children = (
				2C1843A128B16132007FA981 /* Tests_macOS.swift */,
				2C1843A328B16132007FA981 /* Tests_macOSLaunchTests.swift */,
			);
			path = "Tests macOS";
			sourceTree = "<group>";
		};
/* End PBXGroup section */

/* Begin PBXNativeTarget section */
		2C18438328B16131007FA981 /* password genorator (iOS) */ = {
			isa = PBXNativeTarget;
			buildConfigurationList = 2C1843AD28B16132007FA981 /* Build configuration list for PBXNativeTarget "password genorator (iOS)" */;
			buildPhases = (
				2C18438028B16131007FA981 /* Sources */,
				2C18438128B16131007FA981 /* Frameworks */,
				2C18438228B16131007FA981 /* Resources */,
			);
			buildRules = (
			);
			dependencies = (
			);
			name = "password genorator (iOS)";
			productName = "password genorator (iOS)";
			productReference = 2C18438428B16131007FA981 /* password genorator.app */;
			productType = "com.apple.product-type.application";
		};
		2C18438928B16131007FA981 /* password genorator (macOS) */ = {
			isa = PBXNativeTarget;
			buildConfigurationList = 2C1843B028B16132007FA981 /* Build configuration list for PBXNativeTarget "password genorator (macOS)" */;
			buildPhases = (
				2C18438628B16131007FA981 /* Sources */,
				2C18438728B16131007FA981 /* Frameworks */,
				2C18438828B16131007FA981 /* Resources */,
			);
			buildRules = (
			);
			dependencies = (
			);
			name = "password genorator (macOS)";
			productName = "password genorator (macOS)";
			productReference = 2C18438A28B16131007FA981 /* password genorator.app */;
			productType = "com.apple.product-type.application";
		};
		2C18439028B16132007FA981 /* Tests iOS */ = {
			isa = PBXNativeTarget;
			buildConfigurationList = 2C1843B328B16132007FA981 /* Build configuration list for PBXNativeTarget "Tests iOS" */;
			buildPhases = (
				2C18438D28B16132007FA981 /* Sources */,
				2C18438E28B16132007FA981 /* Frameworks */,
				2C18438F28B16132007FA981 /* Resources */,
			);
			buildRules = (
			);
			dependencies = (
				2C18439328B16132007FA981 /* PBXTargetDependency */,
			);
			name = "Tests iOS";
			productName = "Tests iOS";
			productReference = 2C18439128B16132007FA981 /* Tests iOS.xctest */;
			productType = "com.apple.product-type.bundle.ui-testing";
		};
		2C18439C28B16132007FA981 /* Tests macOS */ = {
			isa = PBXNativeTarget;
			buildConfigurationList = 2C1843B628B16132007FA981 /* Build configuration list for PBXNativeTarget "Tests macOS" */;
			buildPhases = (
				2C18439928B16132007FA981 /* Sources */,
				2C18439A28B16132007FA981 /* Frameworks */,
				2C18439B28B16132007FA981 /* Resources */,
			);
			buildRules = (
			);
			dependencies = (
				2C18439F28B16132007FA981 /* PBXTargetDependency */,
			);
			name = "Tests macOS";
			productName = "Tests macOS";
			productReference = 2C18439D28B16132007FA981 /* Tests macOS.xctest */;
			productType = "com.apple.product-type.bundle.ui-testing";
		};
/* End PBXNativeTarget section */

/* Begin PBXProject section */
		2C18437828B16131007FA981 /* Project object */ = {
			isa = PBXProject;
			attributes = {
				BuildIndependentTargetsInParallel = 1;
				LastSwiftUpdateCheck = 1340;
				LastUpgradeCheck = 1340;
				TargetAttributes = {
					2C18438328B16131007FA981 = {
						CreatedOnToolsVersion = 13.4.1;
					};
					2C18438928B16131007FA981 = {
						CreatedOnToolsVersion = 13.4.1;
					};
					2C18439028B16132007FA981 = {
						CreatedOnToolsVersion = 13.4.1;
						TestTargetID = 2C18438328B16131007FA981;
					};
					2C18439C28B16132007FA981 = {
						CreatedOnToolsVersion = 13.4.1;
						TestTargetID = 2C18438928B16131007FA981;
					};
				};
			};
			buildConfigurationList = 2C18437B28B16131007FA981 /* Build configuration list for PBXProject "password genorator" */;
			compatibilityVersion = "Xcode 13.0";
			developmentRegion = en;
			hasScannedForEncodings = 0;
			knownRegions = (
				en,
				Base,
			);
			mainGroup = 2C18437728B16131007FA981;
			productRefGroup = 2C18438528B16131007FA981 /* Products */;
			projectDirPath = "";
			projectRoot = "";
			targets = (
				2C18438328B16131007FA981 /* password genorator (iOS) */,
				2C18438928B16131007FA981 /* password genorator (macOS) */,
				2C18439028B16132007FA981 /* Tests iOS */,
				2C18439C28B16132007FA981 /* Tests macOS */,
			);
		};
/* End PBXProject section */

/* Begin PBXResourcesBuildPhase section */
		2C18438228B16131007FA981 /* Resources */ = {
			isa = PBXResourcesBuildPhase;
			buildActionMask = 2147483647;
			files = (
				2C1843A928B16132007FA981 /* Assets.xcassets in Resources */,
			);
			runOnlyForDeploymentPostprocessing = 0;
		};
		2C18438828B16131007FA981 /* Resources */ = {
			isa = PBXResourcesBuildPhase;
			buildActionMask = 2147483647;
			files = (
				2C1843AA28B16132007FA981 /* Assets.xcassets in Resources */,
			);
			runOnlyForDeploymentPostprocessing = 0;
		};
		2C18438F28B16132007FA981 /* Resources */ = {
			isa = PBXResourcesBuildPhase;
			buildActionMask = 2147483647;
			files = (
			);
			runOnlyForDeploymentPostprocessing = 0;
		};
		2C18439B28B16132007FA981 /* Resources */ = {
			isa = PBXResourcesBuildPhase;
			buildActionMask = 2147483647;
			files = (
			);
			runOnlyForDeploymentPostprocessing = 0;
		};
/* End PBXResourcesBuildPhase section */

/* Begin PBXSourcesBuildPhase section */
		2C18438028B16131007FA981 /* Sources */ = {
			isa = PBXSourcesBuildPhase;
			buildActionMask = 2147483647;
			files = (
				2C1843A728B16132007FA981 /* ContentView.swift in Sources */,
				2C1843A528B16132007FA981 /* password_genoratorApp.swift in Sources */,
			);
			runOnlyForDeploymentPostprocessing = 0;
		};
		2C18438628B16131007FA981 /* Sources */ = {
			isa = PBXSourcesBuildPhase;
			buildActionMask = 2147483647;
			files = (
				2C1843A828B16132007FA981 /* ContentView.swift in Sources */,
				2C1843A628B16132007FA981 /* password_genoratorApp.swift in Sources */,
			);
			runOnlyForDeploymentPostprocessing = 0;
		};
		2C18438D28B16132007FA981 /* Sources */ = {
			isa = PBXSourcesBuildPhase;
			buildActionMask = 2147483647;
			files = (
				2C18439828B16132007FA981 /* Tests_iOSLaunchTests.swift in Sources */,
				2C18439628B16132007FA981 /* Tests_iOS.swift in Sources */,
			);
			runOnlyForDeploymentPostprocessing = 0;
		};
		2C18439928B16132007FA981 /* Sources */ = {
			isa = PBXSourcesBuildPhase;
			buildActionMask = 2147483647;
			files = (
				2C1843A428B16132007FA981 /* Tests_macOSLaunchTests.swift in Sources */,
				2C1843A228B16132007FA981 /* Tests_macOS.swift in Sources */,
			);
			runOnlyForDeploymentPostprocessing = 0;
		};
/* End PBXSourcesBuildPhase section */

/* Begin PBXTargetDependency section */
		2C18439328B16132007FA981 /* PBXTargetDependency */ = {
			isa = PBXTargetDependency;
			target = 2C18438328B16131007FA981 /* password genorator (iOS) */;
			targetProxy = 2C18439228B16132007FA981 /* PBXContainerItemProxy */;
		};
		2C18439F28B16132007FA981 /* PBXTargetDependency */ = {
			isa = PBXTargetDependency;
			target = 2C18438928B16131007FA981 /* password genorator (macOS) */;
			targetProxy = 2C18439E28B16132007FA981 /* PBXContainerItemProxy */;
		};
/* End PBXTargetDependency section */

/* Begin XCBuildConfiguration section */
		2C1843AB28B16132007FA981 /* Debug */ = {
			isa = XCBuildConfiguration;
			buildSettings = {
				ALWAYS_SEARCH_USER_PATHS = NO;
				CLANG_ANALYZER_NONNULL = YES;
				CLANG_ANALYZER_NUMBER_OBJECT_CONVERSION = YES_AGGRESSIVE;
				CLANG_CXX_LANGUAGE_STANDARD = "gnu++17";
				CLANG_ENABLE_MODULES = YES;
				CLANG_ENABLE_OBJC_ARC = YES;
				CLANG_ENABLE_OBJC_WEAK = YES;
				CLANG_WARN_BLOCK_CAPTURE_AUTORELEASING = YES;
				CLANG_WARN_BOOL_CONVERSION = YES;
				CLANG_WARN_COMMA = YES;
				CLANG_WARN_CONSTANT_CONVERSION = YES;
				CLANG_WARN_DEPRECATED_OBJC_IMPLEMENTATIONS = YES;
				CLANG_WARN_DIRECT_OBJC_ISA_USAGE = YES_ERROR;
				CLANG_WARN_DOCUMENTATION_COMMENTS = YES;
				CLANG_WARN_EMPTY_BODY = YES;
				CLANG_WARN_ENUM_CONVERSION = YES;
				CLANG_WARN_INFINITE_RECURSION = YES;
				CLANG_WARN_INT_CONVERSION = YES;
				CLANG_WARN_NON_LITERAL_NULL_CONVERSION = YES;
				CLANG_WARN_OBJC_IMPLICIT_RETAIN_SELF = YES;
				CLANG_WARN_OBJC_LITERAL_CONVERSION = YES;
				CLANG_WARN_OBJC_ROOT_CLASS = YES_ERROR;
				CLANG_WARN_QUOTED_INCLUDE_IN_FRAMEWORK_HEADER = YES;
				CLANG_WARN_RANGE_LOOP_ANALYSIS = YES;
				CLANG_WARN_STRICT_PROTOTYPES = YES;
				CLANG_WARN_SUSPICIOUS_MOVE = YES;
				CLANG_WARN_UNGUARDED_AVAILABILITY = YES_AGGRESSIVE;
				CLANG_WARN_UNREACHABLE_CODE = YES;
				CLANG_WARN__DUPLICATE_METHOD_MATCH = YES;
				COPY_PHASE_STRIP = NO;
				DEBUG_INFORMATION_FORMAT = dwarf;
				ENABLE_STRICT_OBJC_MSGSEND = YES;
				ENABLE_TESTABILITY = YES;
				GCC_C_LANGUAGE_STANDARD = gnu11;
				GCC_DYNAMIC_NO_PIC = NO;
				GCC_NO_COMMON_BLOCKS = YES;
				GCC_OPTIMIZATION_LEVEL = 0;
				GCC_PREPROCESSOR_DEFINITIONS = (
					"DEBUG=1",
					"$(inherited)",
				);
				GCC_WARN_64_TO_32_BIT_CONVERSION = YES;
				GCC_WARN_ABOUT_RETURN_TYPE = YES_ERROR;
				GCC_WARN_UNDECLARED_SELECTOR = YES;
				GCC_WARN_UNINITIALIZED_AUTOS = YES_AGGRESSIVE;
				GCC_WARN_UNUSED_FUNCTION = YES;
				GCC_WARN_UNUSED_VARIABLE = YES;
				MTL_ENABLE_DEBUG_INFO = INCLUDE_SOURCE;
				MTL_FAST_MATH = YES;
				ONLY_ACTIVE_ARCH = YES;
				SWIFT_ACTIVE_COMPILATION_CONDITIONS = DEBUG;
				SWIFT_OPTIMIZATION_LEVEL = "-Onone";
			};
			name = Debug;
		};
		2C1843AC28B16132007FA981 /* Release */ = {
			isa = XCBuildConfiguration;
			buildSettings = {
				ALWAYS_SEARCH_USER_PATHS = NO;
				CLANG_ANALYZER_NONNULL = YES;
				CLANG_ANALYZER_NUMBER_OBJECT_CONVERSION = YES_AGGRESSIVE;
				CLANG_CXX_LANGUAGE_STANDARD = "gnu++17";
				CLANG_ENABLE_MODULES = YES;
				CLANG_ENABLE_OBJC_ARC = YES;
				CLANG_ENABLE_OBJC_WEAK = YES;
				CLANG_WARN_BLOCK_CAPTURE_AUTORELEASING = YES;
				CLANG_WARN_BOOL_CONVERSION = YES;
				CLANG_WARN_COMMA = YES;
				CLANG_WARN_CONSTANT_CONVERSION = YES;
				CLANG_WARN_DEPRECATED_OBJC_IMPLEMENTATIONS = YES;
				CLANG_WARN_DIRECT_OBJC_ISA_USAGE = YES_ERROR;
				CLANG_WARN_DOCUMENTATION_COMMENTS = YES;
				CLANG_WARN_EMPTY_BODY = YES;
				CLANG_WARN_ENUM_CONVERSION = YES;
				CLANG_WARN_INFINITE_RECURSION = YES;
				CLANG_WARN_INT_CONVERSION = YES;
				CLANG_WARN_NON_LITERAL_NULL_CONVERSION = YES;
				CLANG_WARN_OBJC_IMPLICIT_RETAIN_SELF = YES;
				CLANG_WARN_OBJC_LITERAL_CONVERSION = YES;
				CLANG_WARN_OBJC_ROOT_CLASS = YES_ERROR;
				CLANG_WARN_QUOTED_INCLUDE_IN_FRAMEWORK_HEADER = YES;
				CLANG_WARN_RANGE_LOOP_ANALYSIS = YES;
				CLANG_WARN_STRICT_PROTOTYPES = YES;
				CLANG_WARN_SUSPICIOUS_MOVE = YES;
				CLANG_WARN_UNGUARDED_AVAILABILITY = YES_AGGRESSIVE;
				CLANG_WARN_UNREACHABLE_CODE = YES;
				CLANG_WARN__DUPLICATE_METHOD_MATCH = YES;
				COPY_PHASE_STRIP = NO;
				DEBUG_INFORMATION_FORMAT = "dwarf-with-dsym";
				ENABLE_NS_ASSERTIONS = NO;
				ENABLE_STRICT_OBJC_MSGSEND = YES;
				GCC_C_LANGUAGE_STANDARD = gnu11;
				GCC_NO_COMMON_BLOCKS = YES;
				GCC_WARN_64_TO_32_BIT_CONVERSION = YES;
				GCC_WARN_ABOUT_RETURN_TYPE = YES_ERROR;
				GCC_WARN_UNDECLARED_SELECTOR = YES;
				GCC_WARN_UNINITIALIZED_AUTOS = YES_AGGRESSIVE;
				GCC_WARN_UNUSED_FUNCTION = YES;
				GCC_WARN_UNUSED_VARIABLE = YES;
				MTL_ENABLE_DEBUG_INFO = NO;
				MTL_FAST_MATH = YES;
				SWIFT_COMPILATION_MODE = wholemodule;
				SWIFT_OPTIMIZATION_LEVEL = "-O";
			};
			name = Release;
		};
		2C1843AE28B16132007FA981 /* Debug */ = {
			isa = XCBuildConfiguration;
			buildSettings = {
				ASSETCATALOG_COMPILER_APPICON_NAME = AppIcon;
				ASSETCATALOG_COMPILER_GLOBAL_ACCENT_COLOR_NAME = AccentColor;
				CODE_SIGN_STYLE = Automatic;
				CURRENT_PROJECT_VERSION = 1;
				ENABLE_PREVIEWS = YES;
				GENERATE_INFOPLIST_FILE = YES;
				INFOPLIST_KEY_UIApplicationSceneManifest_Generation = YES;
				INFOPLIST_KEY_UIApplicationSupportsIndirectInputEvents = YES;
				INFOPLIST_KEY_UILaunchScreen_Generation = YES;
				INFOPLIST_KEY_UISupportedInterfaceOrientations_iPad = "UIInterfaceOrientationPortrait UIInterfaceOrientationPortraitUpsideDown UIInterfaceOrientationLandscapeLeft UIInterfaceOrientationLandscapeRight";
				INFOPLIST_KEY_UISupportedInterfaceOrientations_iPhone = "UIInterfaceOrientationPortrait UIInterfaceOrientationLandscapeLeft UIInterfaceOrientationLandscapeRight";
				IPHONEOS_DEPLOYMENT_TARGET = 15.5;
				LD_RUNPATH_SEARCH_PATHS = (
					"$(inherited)",
					"@executable_path/Frameworks",
				);
				MARKETING_VERSION = 1.0;
				PRODUCT_BUNDLE_IDENTIFIER = "com.avniagarwal.password-genorator";
				PRODUCT_NAME = "password genorator";
				SDKROOT = iphoneos;
				SWIFT_EMIT_LOC_STRINGS = YES;
				SWIFT_VERSION = 5.0;
				TARGETED_DEVICE_FAMILY = "1,2";
			};
			name = Debug;
		};
		2C1843AF28B16132007FA981 /* Release */ = {
			isa = XCBuildConfiguration;
			buildSettings = {
				ASSETCATALOG_COMPILER_APPICON_NAME = AppIcon;
				ASSETCATALOG_COMPILER_GLOBAL_ACCENT_COLOR_NAME = AccentColor;
				CODE_SIGN_STYLE = Automatic;
				CURRENT_PROJECT_VERSION = 1;
				ENABLE_PREVIEWS = YES;
				GENERATE_INFOPLIST_FILE = YES;
				INFOPLIST_KEY_UIApplicationSceneManifest_Generation = YES;
				INFOPLIST_KEY_UIApplicationSupportsIndirectInputEvents = YES;
				INFOPLIST_KEY_UILaunchScreen_Generation = YES;
				INFOPLIST_KEY_UISupportedInterfaceOrientations_iPad = "UIInterfaceOrientationPortrait UIInterfaceOrientationPortraitUpsideDown UIInterfaceOrientationLandscapeLeft UIInterfaceOrientationLandscapeRight";
				INFOPLIST_KEY_UISupportedInterfaceOrientations_iPhone = "UIInterfaceOrientationPortrait UIInterfaceOrientationLandscapeLeft UIInterfaceOrientationLandscapeRight";
				IPHONEOS_DEPLOYMENT_TARGET = 15.5;
				LD_RUNPATH_SEARCH_PATHS = (
					"$(inherited)",
					"@executable_path/Frameworks",
				);
				MARKETING_VERSION = 1.0;
				PRODUCT_BUNDLE_IDENTIFIER = "com.avniagarwal.password-genorator";
				PRODUCT_NAME = "password genorator";
				SDKROOT = iphoneos;
				SWIFT_EMIT_LOC_STRINGS = YES;
				SWIFT_VERSION = 5.0;
				TARGETED_DEVICE_FAMILY = "1,2";
				VALIDATE_PRODUCT = YES;
			};
			name = Release;
		};
		2C1843B128B16132007FA981 /* Debug */ = {
			isa = XCBuildConfiguration;
			buildSettings = {
				ASSETCATALOG_COMPILER_APPICON_NAME = AppIcon;
				ASSETCATALOG_COMPILER_GLOBAL_ACCENT_COLOR_NAME = AccentColor;
				CODE_SIGN_ENTITLEMENTS = macOS/macOS.entitlements;
				CODE_SIGN_STYLE = Automatic;
				COMBINE_HIDPI_IMAGES = YES;
				CURRENT_PROJECT_VERSION = 1;
				ENABLE_PREVIEWS = YES;
				GENERATE_INFOPLIST_FILE = YES;
				INFOPLIST_KEY_NSHumanReadableCopyright = "";
				LD_RUNPATH_SEARCH_PATHS = (
					"$(inherited)",
					"@executable_path/../Frameworks",
				);
				MACOSX_DEPLOYMENT_TARGET = 12.0;
				MARKETING_VERSION = 1.0;
				PRODUCT_BUNDLE_IDENTIFIER = "com.avniagarwal.password-genorator";
				PRODUCT_NAME = "password genorator";
				SDKROOT = macosx;
				SWIFT_EMIT_LOC_STRINGS = YES;
				SWIFT_VERSION = 5.0;
			};
			name = Debug;
		};
		2C1843B228B16132007FA981 /* Release */ = {
			isa = XCBuildConfiguration;
			buildSettings = {
				ASSETCATALOG_COMPILER_APPICON_NAME = AppIcon;
				ASSETCATALOG_COMPILER_GLOBAL_ACCENT_COLOR_NAME = AccentColor;
				CODE_SIGN_ENTITLEMENTS = macOS/macOS.entitlements;
				CODE_SIGN_STYLE = Automatic;
				COMBINE_HIDPI_IMAGES = YES;
				CURRENT_PROJECT_VERSION = 1;
				ENABLE_PREVIEWS = YES;
				GENERATE_INFOPLIST_FILE = YES;
				INFOPLIST_KEY_NSHumanReadableCopyright = "";
				LD_RUNPATH_SEARCH_PATHS = (
					"$(inherited)",
					"@executable_path/../Frameworks",
				);
				MACOSX_DEPLOYMENT_TARGET = 12.0;
				MARKETING_VERSION = 1.0;
				PRODUCT_BUNDLE_IDENTIFIER = "com.avniagarwal.password-genorator";
				PRODUCT_NAME = "password genorator";
				SDKROOT = macosx;
				SWIFT_EMIT_LOC_STRINGS = YES;
				SWIFT_VERSION = 5.0;
			};
			name = Release;
		};
		2C1843B428B16132007FA981 /* Debug */ = {
			isa = XCBuildConfiguration;
			buildSettings = {
				ALWAYS_EMBED_SWIFT_STANDARD_LIBRARIES = YES;
				CODE_SIGN_STYLE = Automatic;
				CURRENT_PROJECT_VERSION = 1;
				GENERATE_INFOPLIST_FILE = YES;
				IPHONEOS_DEPLOYMENT_TARGET = 15.5;
				MARKETING_VERSION = 1.0;
				PRODUCT_BUNDLE_IDENTIFIER = "com.avniagarwal.Tests-iOS";
				PRODUCT_NAME = "$(TARGET_NAME)";
				SDKROOT = iphoneos;
				SWIFT_EMIT_LOC_STRINGS = NO;
				SWIFT_VERSION = 5.0;
				TARGETED_DEVICE_FAMILY = "1,2";
				TEST_TARGET_NAME = "password genorator (iOS)";
			};
			name = Debug;
		};
		2C1843B528B16132007FA981 /* Release */ = {
			isa = XCBuildConfiguration;
			buildSettings = {
				ALWAYS_EMBED_SWIFT_STANDARD_LIBRARIES = YES;
				CODE_SIGN_STYLE = Automatic;
				CURRENT_PROJECT_VERSION = 1;
				GENERATE_INFOPLIST_FILE = YES;
				IPHONEOS_DEPLOYMENT_TARGET = 15.5;
				MARKETING_VERSION = 1.0;
				PRODUCT_BUNDLE_IDENTIFIER = "com.avniagarwal.Tests-iOS";
				PRODUCT_NAME = "$(TARGET_NAME)";
				SDKROOT = iphoneos;
				SWIFT_EMIT_LOC_STRINGS = NO;
				SWIFT_VERSION = 5.0;
				TARGETED_DEVICE_FAMILY = "1,2";
				TEST_TARGET_NAME = "password genorator (iOS)";
				VALIDATE_PRODUCT = YES;
			};
			name = Release;
		};
		2C1843B728B16132007FA981 /* Debug */ = {
			isa = XCBuildConfiguration;
			buildSettings = {
				ALWAYS_EMBED_SWIFT_STANDARD_LIBRARIES = YES;
				CODE_SIGN_STYLE = Automatic;
				CURRENT_PROJECT_VERSION = 1;
				GENERATE_INFOPLIST_FILE = YES;
				MACOSX_DEPLOYMENT_TARGET = 12.0;
				MARKETING_VERSION = 1.0;
				PRODUCT_BUNDLE_IDENTIFIER = "com.avniagarwal.Tests-macOS";
				PRODUCT_NAME = "$(TARGET_NAME)";
				SDKROOT = macosx;
				SWIFT_EMIT_LOC_STRINGS = NO;
				SWIFT_VERSION = 5.0;
				TEST_TARGET_NAME = "password genorator (macOS)";
			};
			name = Debug;
		};
		2C1843B828B16132007FA981 /* Release */ = {
			isa = XCBuildConfiguration;
			buildSettings = {
				ALWAYS_EMBED_SWIFT_STANDARD_LIBRARIES = YES;
				CODE_SIGN_STYLE = Automatic;
				CURRENT_PROJECT_VERSION = 1;
				GENERATE_INFOPLIST_FILE = YES;
				MACOSX_DEPLOYMENT_TARGET = 12.0;
				MARKETING_VERSION = 1.0;
				PRODUCT_BUNDLE_IDENTIFIER = "com.avniagarwal.Tests-macOS";
				PRODUCT_NAME = "$(TARGET_NAME)";
				SDKROOT = macosx;
				SWIFT_EMIT_LOC_STRINGS = NO;
				SWIFT_VERSION = 5.0;
				TEST_TARGET_NAME = "password genorator (macOS)";
			};
			name = Release;
		};
/* End XCBuildConfiguration section */

/* Begin XCConfigurationList section */
		2C18437B28B16131007FA981 /* Build configuration list for PBXProject "password genorator" */ = {
			isa = XCConfigurationList;
			buildConfigurations = (
				2C1843AB28B16132007FA981 /* Debug */,
				2C1843AC28B16132007FA981 /* Release */,
			);
			defaultConfigurationIsVisible = 0;
			defaultConfigurationName = Release;
		};
		2C1843AD28B16132007FA981 /* Build configuration list for PBXNativeTarget "password genorator (iOS)" */ = {
			isa = XCConfigurationList;
			buildConfigurations = (
				2C1843AE28B16132007FA981 /* Debug */,
				2C1843AF28B16132007FA981 /* Release */,
			);
			defaultConfigurationIsVisible = 0;
			defaultConfigurationName = Release;
		};
		2C1843B028B16132007FA981 /* Build configuration list for PBXNativeTarget "password genorator (macOS)" */ = {
			isa = XCConfigurationList;
			buildConfigurations = (
				2C1843B128B16132007FA981 /* Debug */,
				2C1843B228B16132007FA981 /* Release */,
			);
			defaultConfigurationIsVisible = 0;
			defaultConfigurationName = Release;
		};
		2C1843B328B16132007FA981 /* Build configuration list for PBXNativeTarget "Tests iOS" */ = {
			isa = XCConfigurationList;
			buildConfigurations = (
				2C1843B428B16132007FA981 /* Debug */,
				2C1843B528B16132007FA981 /* Release */,
			);
			defaultConfigurationIsVisible = 0;
			defaultConfigurationName = Release;
		};
		2C1843B628B16132007FA981 /* Build configuration list for PBXNativeTarget "Tests macOS" */ = {
			isa = XCConfigurationList;
			buildConfigurations = (
				2C1843B728B16132007FA981 /* Debug */,
				2C1843B828B16132007FA981 /* Release */,
			);
			defaultConfigurationIsVisible = 0;
			defaultConfigurationName = Release;
		};
/* End XCConfigurationList section */
	};
	rootObject = 2C18437828B16131007FA981 /* Project object */;
}
